{
  "name": "@open-wallet-standard/core",
  "version": "1.2.0",
  "lockfileVersion": 3,
  "requires": true,
  "packages": {
    "": {
      "name": "@open-wallet-standard/core",
      "version": "1.2.0",
      "license": "MIT",
      "bin": {
        "ows": "bin/ows"
      },
      "devDependencies": {
        "@napi-rs/cli": "^2.18.0"
      },
      "optionalDependencies": {
        "@open-wallet-standard/core-darwin-arm64": "1.2.0",
        "@open-wallet-standard/core-darwin-x64": "1.2.0",
        "@open-wallet-standard/core-linux-arm64-gnu": "1.2.0",
        "@open-wallet-standard/core-linux-x64-gnu": "1.2.0"
      }
    },
    "node_modules/@napi-rs/cli": {
      "version": "2.18.4",
      "resolved": "https://registry.npmjs.org/@napi-rs/cli/-/cli-2.18.4.tgz",
      "integrity": "sha512-SgJeA4df9DE2iAEpr3M2H0OKl/yjtg1BnRI5/JyowS71tUWhrfSu2LT0V3vlHET+g1hBVlrO60PmEXwUEKp8Mg==",
      "dev": true,
      "license": "MIT",
      "bin": {
        "napi": "scripts/index.js"
      },
      "engines": {
        "node": ">= 10"
      },
      "funding": {
        "type": "github",
        "url": "https://github.com/sponsors/Brooooooklyn"
      }
    },
    "node_modules/@open-wallet-standard/core-darwin-arm64": {
      "version": "1.2.0",
      "resolved": "https://registry.npmjs.org/@open-wallet-standard/core-darwin-arm64/-/core-darwin-arm64-1.2.0.tgz",
      "integrity": "sha512-2TivIvNgm3+/+A7DpAHhgyH+Nefgm0JlHUaGoiazmKEVuUSNN9AhVArSMIVFXD0mN8Wz2cmequ+mFF3Mzhz6jw==",
      "cpu": [
        "arm64"
      ],
      "license": "MIT",
      "optional": true,
      "os": [
        "darwin"
      ]
    },
    "node_modules/@open-wallet-standard/core-darwin-x64": {
      "version": "1.2.0",
      "resolved": "https://registry.npmjs.org/@open-wallet-standard/core-darwin-x64/-/core-darwin-x64-1.2.0.tgz",
      "integrity": "sha512-Kqx4ovI/b0Xs2QRnsY9n7TFzVIszjrNCbOLIUUgFBiNn75jhxTbbcNwMEBkaAu6hy5Y5qnaLdDUjpeqbqgSDfA==",
      "cpu": [
        "x64"
      ],
      "license": "MIT",
      "optional": true,
      "os": [
        "darwin"
      ]
    },
    "node_modules/@open-wallet-standard/core-linux-arm64-gnu": {
      "version": "1.2.0",
      "resolved": "https://registry.npmjs.org/@open-wallet-standard/core-linux-arm64-gnu/-/core-linux-arm64-gnu-1.2.0.tgz",
      "integrity": "sha512-JDrx3D1f7o7WJM6q/LE3xnYQJdz28KLWDHqyhdsBAmYxNaOYC/X48YD5dOhmD3PKR6DOqcgAMyoE58zIDU2kQA==",
      "cpu": [
        "arm64"
      ],
      "license": "MIT",
      "optional": true,
      "os": [
        "linux"
      ]
    },
    "node_modules/@open-wallet-standard/core-linux-x64-gnu": {
      "version": "1.2.0",
      "resolved": "https://registry.npmjs.org/@open-wallet-standard/core-linux-x64-gnu/-/core-linux-x64-gnu-1.2.0.tgz",
      "integrity": "sha512-zPOAly+rEhCvTQ4/aBBfBVqeg+NIpCKU6aI/Jtj73gFfnVsunJzRdWyjcSP8rYGMxN2cJi18jdqO7xTPLEW+fw==",
      "cpu": [
        "x64"
      ],
      "license": "MIT",
      "optional": true,
      "os": [
        "linux"
      ]
    }
  }
}
